// !$*UTF8*$!
{
	archiveVersion = 1;
	classes = {
	};
	objectVersion = 56;
	objects = {

/* Begin PBXFileReference section */
		9D340FC72A3A5629006A8022 /* Variables.playground */ = {isa = PBXFileReference; lastKnownFileType = file.playground; path = Variables.playground; sourceTree = "<group>"; xcLanguageSpecificationIdentifier = xcode.lang.swift; };
		9D9157142A3E6F1400BB7254 /* Arrays.playground */ = {isa = PBXFileReference; lastKnownFileType = file.playground; path = Arrays.playground; sourceTree = "<group>"; xcLanguageSpecificationIdentifier = xcode.lang.swift; };
		9D9157152A3E6FCF00BB7254 /* Sets.playground */ = {isa = PBXFileReference; lastKnownFileType = file.playground; path = Sets.playground; sourceTree = "<group>"; xcLanguageSpecificationIdentifier = xcode.lang.swift; };
		9D9157162A3E709A00BB7254 /* Tuples.playground */ = {isa = PBXFileReference; lastKnownFileType = file.playground; path = Tuples.playground; sourceTree = "<group>"; xcLanguageSpecificationIdentifier = xcode.lang.swift; };
		9D9157172A3E71A300BB7254 /* Dictionary.playground */ = {isa = PBXFileReference; lastKnownFileType = file.playground; path = Dictionary.playground; sourceTree = "<group>"; xcLanguageSpecificationIdentifier = xcode.lang.swift; };
		9D9157182A3E737400BB7254 /* Enum.playground */ = {isa = PBXFileReference; lastKnownFileType = file.playground; path = Enum.playground; sourceTree = "<group>"; xcLanguageSpecificationIdentifier = xcode.lang.swift; };
/* End PBXFileReference section */

/* Begin PBXGroup section */
		9D340FC02A3A5616006A8022 = {
			isa = PBXGroup;
			children = (
				9D9157182A3E737400BB7254 /* Enum.playground */,
				9D9157172A3E71A300BB7254 /* Dictionary.playground */,
				9D9157162A3E709A00BB7254 /* Tuples.playground */,
				9D9157152A3E6FCF00BB7254 /* Sets.playground */,
				9D9157142A3E6F1400BB7254 /* Arrays.playground */,
				9D340FC72A3A5629006A8022 /* Variables.playground */,
			);
			sourceTree = "<group>";
		};
/* End PBXGroup section */

/* Begin PBXProject section */
		9D340FC12A3A5616006A8022 /* Project object */ = {
			isa = PBXProject;
			attributes = {
				BuildIndependentTargetsInParallel = 1;
				LastUpgradeCheck = 1430;
			};
			buildConfigurationList = 9D340FC42A3A5616006A8022 /* Build configuration list for PBXProject "Playground" */;
			compatibilityVersion = "Xcode 14.0";
			developmentRegion = en;
			hasScannedForEncodings = 0;
			knownRegions = (
				en,
				Base,
			);
			mainGroup = 9D340FC02A3A5616006A8022;
			projectDirPath = "";
			projectRoot = "";
			targets = (
			);
		};
/* End PBXProject section */

/* Begin XCBuildConfiguration section */
		9D340FC52A3A5616006A8022 /* Debug */ = {
			isa = XCBuildConfiguration;
			buildSettings = {
			};
			name = Debug;
		};
		9D340FC62A3A5616006A8022 /* Release */ = {
			isa = XCBuildConfiguration;
			buildSettings = {
			};
			name = Release;
		};
/* End XCBuildConfiguration section */

/* Begin XCConfigurationList section */
		9D340FC42A3A5616006A8022 /* Build configuration list for PBXProject "Playground" */ = {
			isa = XCConfigurationList;
			buildConfigurations = (
				9D340FC52A3A5616006A8022 /* Debug */,
				9D340FC62A3A5616006A8022 /* Release */,
			);
			defaultConfigurationIsVisible = 0;
			defaultConfigurationName = Release;
		};
/* End XCConfigurationList section */
	};
	rootObject = 9D340FC12A3A5616006A8022 /* Project object */;
}
